// !$*UTF8*$!
{
	archiveVersion = 1;
	classes = {
	};
	objectVersion = 46;
	objects = {

/* Begin PBXBuildFile section */
		9A86278B1D71903500BAC80E /* AppDelegate.swift in Sources */ = {isa = PBXBuildFile; fileRef = 9A86278A1D71903500BAC80E /* AppDelegate.swift */; };
		9A86278D1D71903500BAC80E /* ViewController.swift in Sources */ = {isa = PBXBuildFile; fileRef = 9A86278C1D71903500BAC80E /* ViewController.swift */; };
		9A8627901D71903500BAC80E /* Main.storyboard in Resources */ = {isa = PBXBuildFile; fileRef = 9A86278E1D71903500BAC80E /* Main.storyboard */; };
		9A8627921D71903500BAC80E /* Assets.xcassets in Resources */ = {isa = PBXBuildFile; fileRef = 9A8627911D71903500BAC80E /* Assets.xcassets */; };
		9A8627951D71903500BAC80E /* LaunchScreen.storyboard in Resources */ = {isa = PBXBuildFile; fileRef = 9A8627931D71903500BAC80E /* LaunchScreen.storyboard */; };
		9A8627A01D71903500BAC80E /* GitExampleTests.swift in Sources */ = {isa = PBXBuildFile; fileRef = 9A86279F1D71903500BAC80E /* GitExampleTests.swift */; };
		9A8627AB1D71903500BAC80E /* GitExampleUITests.swift in Sources */ = {isa = PBXBuildFile; fileRef = 9A8627AA1D71903500BAC80E /* GitExampleUITests.swift */; };
/* End PBXBuildFile section */

/* Begin PBXContainerItemProxy section */
		9A86279C1D71903500BAC80E /* PBXContainerItemProxy */ = {
			isa = PBXContainerItemProxy;
			containerPortal = 9A86277F1D71903500BAC80E /* Project object */;
			proxyType = 1;
			remoteGlobalIDString = 9A8627861D71903500BAC80E;
			remoteInfo = GitExample;
		};
		9A8627A71D71903500BAC80E /* PBXContainerItemProxy */ = {
			isa = PBXContainerItemProxy;
			containerPortal = 9A86277F1D71903500BAC80E /* Project object */;
			proxyType = 1;
			remoteGlobalIDString = 9A8627861D71903500BAC80E;
			remoteInfo = GitExample;
		};
/* End PBXContainerItemProxy section */

/* Begin PBXFileReference section */
		9A8627871D71903500BAC80E /* GitExample.app */ = {isa = PBXFileReference; explicitFileType = wrapper.application; includeInIndex = 0; path = GitExample.app; sourceTree = BUILT_PRODUCTS_DIR; };
		9A86278A1D71903500BAC80E /* AppDelegate.swift */ = {isa = PBXFileReference; lastKnownFileType = sourcecode.swift; path = AppDelegate.swift; sourceTree = "<group>"; };
		9A86278C1D71903500BAC80E /* ViewController.swift */ = {isa = PBXFileReference; lastKnownFileType = sourcecode.swift; path = ViewController.swift; sourceTree = "<group>"; };
		9A86278F1D71903500BAC80E /* Base */ = {isa = PBXFileReference; lastKnownFileType = file.storyboard; name = Base; path = Base.lproj/Main.storyboard; sourceTree = "<group>"; };
		9A8627911D71903500BAC80E /* Assets.xcassets */ = {isa = PBXFileReference; lastKnownFileType = folder.assetcatalog; path = Assets.xcassets; sourceTree = "<group>"; };
		9A8627941D71903500BAC80E /* Base */ = {isa = PBXFileReference; lastKnownFileType = file.storyboard; name = Base; path = Base.lproj/LaunchScreen.storyboard; sourceTree = "<group>"; };
		9A8627961D71903500BAC80E /* Info.plist */ = {isa = PBXFileReference; lastKnownFileType = text.plist.xml; path = Info.plist; sourceTree = "<group>"; };
		9A86279B1D71903500BAC80E /* GitExampleTests.xctest */ = {isa = PBXFileReference; explicitFileType = wrapper.cfbundle; includeInIndex = 0; path = GitExampleTests.xctest; sourceTree = BUILT_PRODUCTS_DIR; };
		9A86279F1D71903500BAC80E /* GitExampleTests.swift */ = {isa = PBXFileReference; lastKnownFileType = sourcecode.swift; path = GitExampleTests.swift; sourceTree = "<group>"; };
		9A8627A11D71903500BAC80E /* Info.plist */ = {isa = PBXFileReference; lastKnownFileType = text.plist.xml; path = Info.plist; sourceTree = "<group>"; };
		9A8627A61D71903500BAC80E /* GitExampleUITests.xctest */ = {isa = PBXFileReference; explicitFileType = wrapper.cfbundle; includeInIndex = 0; path = GitExampleUITests.xctest; sourceTree = BUILT_PRODUCTS_DIR; };
		9A8627AA1D71903500BAC80E /* GitExampleUITests.swift */ = {isa = PBXFileReference; lastKnownFileType = sourcecode.swift; path = GitExampleUITests.swift; sourceTree = "<group>"; };
		9A8627AC1D71903500BAC80E /* Info.plist */ = {isa = PBXFileReference; lastKnownFileType = text.plist.xml; path = Info.plist; sourceTree = "<group>"; };
/* End PBXFileReference section */

/* Begin PBXFrameworksBuildPhase section */
		9A8627841D71903500BAC80E /* Frameworks */ = {
			isa = PBXFrameworksBuildPhase;
			buildActionMask = 2147483647;
			files = (
			);
			runOnlyForDeploymentPostprocessing = 0;
		};
		9A8627981D71903500BAC80E /* Frameworks */ = {
			isa = PBXFrameworksBuildPhase;
			buildActionMask = 2147483647;
			files = (
			);
			runOnlyForDeploymentPostprocessing = 0;
		};
		9A8627A31D71903500BAC80E /* Frameworks */ = {
			isa = PBXFrameworksBuildPhase;
			buildActionMask = 2147483647;
			files = (
			);
			runOnlyForDeploymentPostprocessing = 0;
		};
/* End PBXFrameworksBuildPhase section */

/* Begin PBXGroup section */
		9A86277E1D71903500BAC80E = {
			isa = PBXGroup;
			children = (
				9A8627891D71903500BAC80E /* GitExample */,
				9A86279E1D71903500BAC80E /* GitExampleTests */,
				9A8627A91D71903500BAC80E /* GitExampleUITests */,
				9A8627881D71903500BAC80E /* Products */,
			);
			sourceTree = "<group>";
		};
		9A8627881D71903500BAC80E /* Products */ = {
			isa = PBXGroup;
			children = (
				9A8627871D71903500BAC80E /* GitExample.app */,
				9A86279B1D71903500BAC80E /* GitExampleTests.xctest */,
				9A8627A61D71903500BAC80E /* GitExampleUITests.xctest */,
			);
			name = Products;
			sourceTree = "<group>";
		};
		9A8627891D71903500BAC80E /* GitExample */ = {
			isa = PBXGroup;
			children = (
				9A86278A1D71903500BAC80E /* AppDelegate.swift */,
				9A86278C1D71903500BAC80E /* ViewController.swift */,
				9A86278E1D71903500BAC80E /* Main.storyboard */,
				9A8627911D71903500BAC80E /* Assets.xcassets */,
				9A8627931D71903500BAC80E /* LaunchScreen.storyboard */,
				9A8627961D71903500BAC80E /* Info.plist */,
			);
			path = GitExample;
			sourceTree = "<group>";
		};
		9A86279E1D71903500BAC80E /* GitExampleTests */ = {
			isa = PBXGroup;
			children = (
				9A86279F1D71903500BAC80E /* GitExampleTests.swift */,
				9A8627A11D71903500BAC80E /* Info.plist */,
			);
			path = GitExampleTests;
			sourceTree = "<group>";
		};
		9A8627A91D71903500BAC80E /* GitExampleUITests */ = {
			isa = PBXGroup;
			children = (
				9A8627AA1D71903500BAC80E /* GitExampleUITests.swift */,
				9A8627AC1D71903500BAC80E /* Info.plist */,
			);
			path = GitExampleUITests;
			sourceTree = "<group>";
		};
/* End PBXGroup section */

/* Begin PBXNativeTarget section */
		9A8627861D71903500BAC80E /* GitExample */ = {
			isa = PBXNativeTarget;
			buildConfigurationList = 9A8627AF1D71903500BAC80E /* Build configuration list for PBXNativeTarget "GitExample" */;
			buildPhases = (
				9A8627831D71903500BAC80E /* Sources */,
				9A8627841D71903500BAC80E /* Frameworks */,
				9A8627851D71903500BAC80E /* Resources */,
			);
			buildRules = (
			);
			dependencies = (
			);
			name = GitExample;
			productName = GitExample;
			productReference = 9A8627871D71903500BAC80E /* GitExample.app */;
			productType = "com.apple.product-type.application";
		};
		9A86279A1D71903500BAC80E /* GitExampleTests */ = {
			isa = PBXNativeTarget;
			buildConfigurationList = 9A8627B21D71903500BAC80E /* Build configuration list for PBXNativeTarget "GitExampleTests" */;
			buildPhases = (
				9A8627971D71903500BAC80E /* Sources */,
				9A8627981D71903500BAC80E /* Frameworks */,
				9A8627991D71903500BAC80E /* Resources */,
			);
			buildRules = (
			);
			dependencies = (
				9A86279D1D71903500BAC80E /* PBXTargetDependency */,
			);
			name = GitExampleTests;
			productName = GitExampleTests;
			productReference = 9A86279B1D71903500BAC80E /* GitExampleTests.xctest */;
			productType = "com.apple.product-type.bundle.unit-test";
		};
		9A8627A51D71903500BAC80E /* GitExampleUITests */ = {
			isa = PBXNativeTarget;
			buildConfigurationList = 9A8627B51D71903500BAC80E /* Build configuration list for PBXNativeTarget "GitExampleUITests" */;
			buildPhases = (
				9A8627A21D71903500BAC80E /* Sources */,
				9A8627A31D71903500BAC80E /* Frameworks */,
				9A8627A41D71903500BAC80E /* Resources */,
			);
			buildRules = (
			);
			dependencies = (
				9A8627A81D71903500BAC80E /* PBXTargetDependency */,
			);
			name = GitExampleUITests;
			productName = GitExampleUITests;
			productReference = 9A8627A61D71903500BAC80E /* GitExampleUITests.xctest */;
			productType = "com.apple.product-type.bundle.ui-testing";
		};
/* End PBXNativeTarget section */

/* Begin PBXProject section */
		9A86277F1D71903500BAC80E /* Project object */ = {
			isa = PBXProject;
			attributes = {
				LastSwiftUpdateCheck = 0730;
				LastUpgradeCheck = 0730;
				ORGANIZATIONNAME = "Dean Pribetic";
				TargetAttributes = {
					9A8627861D71903500BAC80E = {
						CreatedOnToolsVersion = 7.3.1;
					};
					9A86279A1D71903500BAC80E = {
						CreatedOnToolsVersion = 7.3.1;
						TestTargetID = 9A8627861D71903500BAC80E;
					};
					9A8627A51D71903500BAC80E = {
						CreatedOnToolsVersion = 7.3.1;
						TestTargetID = 9A8627861D71903500BAC80E;
					};
				};
			};
			buildConfigurationList = 9A8627821D71903500BAC80E /* Build configuration list for PBXProject "GitExample" */;
			compatibilityVersion = "Xcode 3.2";
			developmentRegion = English;
			hasScannedForEncodings = 0;
			knownRegions = (
				en,
				Base,
			);
			mainGroup = 9A86277E1D71903500BAC80E;
			productRefGroup = 9A8627881D71903500BAC80E /* Products */;
			projectDirPath = "";
			projectRoot = "";
			targets = (
				9A8627861D71903500BAC80E /* GitExample */,
				9A86279A1D71903500BAC80E /* GitExampleTests */,
				9A8627A51D71903500BAC80E /* GitExampleUITests */,
			);
		};
/* End PBXProject section */

/* Begin PBXResourcesBuildPhase section */
		9A8627851D71903500BAC80E /* Resources */ = {
			isa = PBXResourcesBuildPhase;
			buildActionMask = 2147483647;
			files = (
				9A8627951D71903500BAC80E /* LaunchScreen.storyboard in Resources */,
				9A8627921D71903500BAC80E /* Assets.xcassets in Resources */,
				9A8627901D71903500BAC80E /* Main.storyboard in Resources */,
			);
			runOnlyForDeploymentPostprocessing = 0;
		};
		9A8627991D71903500BAC80E /* Resources */ = {
			isa = PBXResourcesBuildPhase;
			buildActionMask = 2147483647;
			files = (
			);
			runOnlyForDeploymentPostprocessing = 0;
		};
		9A8627A41D71903500BAC80E /* Resources */ = {
			isa = PBXResourcesBuildPhase;
			buildActionMask = 2147483647;
			files = (
			);
			runOnlyForDeploymentPostprocessing = 0;
		};
/* End PBXResourcesBuildPhase section */

/* Begin PBXSourcesBuildPhase section */
		9A8627831D71903500BAC80E /* Sources */ = {
			isa = PBXSourcesBuildPhase;
			buildActionMask = 2147483647;
			files = (
				9A86278D1D71903500BAC80E /* ViewController.swift in Sources */,
				9A86278B1D71903500BAC80E /* AppDelegate.swift in Sources */,
			);
			runOnlyForDeploymentPostprocessing = 0;
		};
		9A8627971D71903500BAC80E /* Sources */ = {
			isa = PBXSourcesBuildPhase;
			buildActionMask = 2147483647;
			files = (
				9A8627A01D71903500BAC80E /* GitExampleTests.swift in Sources */,
			);
			runOnlyForDeploymentPostprocessing = 0;
		};
		9A8627A21D71903500BAC80E /* Sources */ = {
			isa = PBXSourcesBuildPhase;
			buildActionMask = 2147483647;
			files = (
				9A8627AB1D71903500BAC80E /* GitExampleUITests.swift in Sources */,
			);
			runOnlyForDeploymentPostprocessing = 0;
		};
/* End PBXSourcesBuildPhase section */

/* Begin PBXTargetDependency section */
		9A86279D1D71903500BAC80E /* PBXTargetDependency */ = {
			isa = PBXTargetDependency;
			target = 9A8627861D71903500BAC80E /* GitExample */;
			targetProxy = 9A86279C1D71903500BAC80E /* PBXContainerItemProxy */;
		};
		9A8627A81D71903500BAC80E /* PBXTargetDependency */ = {
			isa = PBXTargetDependency;
			target = 9A8627861D71903500BAC80E /* GitExample */;
			targetProxy = 9A8627A71D71903500BAC80E /* PBXContainerItemProxy */;
		};
/* End PBXTargetDependency section */

/* Begin PBXVariantGroup section */
		9A86278E1D71903500BAC80E /* Main.storyboard */ = {
			isa = PBXVariantGroup;
			children = (
				9A86278F1D71903500BAC80E /* Base */,
			);
			name = Main.storyboard;
			sourceTree = "<group>";
		};
		9A8627931D71903500BAC80E /* LaunchScreen.storyboard */ = {
			isa = PBXVariantGroup;
			children = (
				9A8627941D71903500BAC80E /* Base */,
			);
			name = LaunchScreen.storyboard;
			sourceTree = "<group>";
		};
/* End PBXVariantGroup section */

/* Begin XCBuildConfiguration section */
		9A8627AD1D71903500BAC80E /* Debug */ = {
			isa = XCBuildConfiguration;
			buildSettings = {
				ALWAYS_SEARCH_USER_PATHS = NO;
				CLANG_ANALYZER_NONNULL = YES;
				CLANG_CXX_LANGUAGE_STANDARD = "gnu++0x";
				CLANG_CXX_LIBRARY = "libc++";
				CLANG_ENABLE_MODULES = YES;
				CLANG_ENABLE_OBJC_ARC = YES;
				CLANG_WARN_BOOL_CONVERSION = YES;
				CLANG_WARN_CONSTANT_CONVERSION = YES;
				CLANG_WARN_DIRECT_OBJC_ISA_USAGE = YES_ERROR;
				CLANG_WARN_EMPTY_BODY = YES;
				CLANG_WARN_ENUM_CONVERSION = YES;
				CLANG_WARN_INT_CONVERSION = YES;
				CLANG_WARN_OBJC_ROOT_CLASS = YES_ERROR;
				CLANG_WARN_UNREACHABLE_CODE = YES;
				CLANG_WARN__DUPLICATE_METHOD_MATCH = YES;
				"CODE_SIGN_IDENTITY[sdk=iphoneos*]" = "iPhone Developer";
				COPY_PHASE_STRIP = NO;
				DEBUG_INFORMATION_FORMAT = dwarf;
				ENABLE_STRICT_OBJC_MSGSEND = YES;
				ENABLE_TESTABILITY = YES;
				GCC_C_LANGUAGE_STANDARD = gnu99;
				GCC_DYNAMIC_NO_PIC = NO;
				GCC_NO_COMMON_BLOCKS = YES;
				GCC_OPTIMIZATION_LEVEL = 0;
				GCC_PREPROCESSOR_DEFINITIONS = (
					"DEBUG=1",
					"$(inherited)",
				);
				GCC_WARN_64_TO_32_BIT_CONVERSION = YES;
				GCC_WARN_ABOUT_RETURN_TYPE = YES_ERROR;
				GCC_WARN_UNDECLARED_SELECTOR = YES;
				GCC_WARN_UNINITIALIZED_AUTOS = YES_AGGRESSIVE;
				GCC_WARN_UNUSED_FUNCTION = YES;
				GCC_WARN_UNUSED_VARIABLE = YES;
				IPHONEOS_DEPLOYMENT_TARGET = 9.3;
				MTL_ENABLE_DEBUG_INFO = YES;
				ONLY_ACTIVE_ARCH = YES;
				SDKROOT = iphoneos;
				SWIFT_OPTIMIZATION_LEVEL = "-Onone";
			};
			name = Debug;
		};
		9A8627AE1D71903500BAC80E /* Release */ = {
			isa = XCBuildConfiguration;
			buildSettings = {
				ALWAYS_SEARCH_USER_PATHS = NO;
				CLANG_ANALYZER_NONNULL = YES;
				CLANG_CXX_LANGUAGE_STANDARD = "gnu++0x";
				CLANG_CXX_LIBRARY = "libc++";
				CLANG_ENABLE_MODULES = YES;
				CLANG_ENABLE_OBJC_ARC = YES;
				CLANG_WARN_BOOL_CONVERSION = YES;
				CLANG_WARN_CONSTANT_CONVERSION = YES;
				CLANG_WARN_DIRECT_OBJC_ISA_USAGE = YES_ERROR;
				CLANG_WARN_EMPTY_BODY = YES;
				CLANG_WARN_ENUM_CONVERSION = YES;
				CLANG_WARN_INT_CONVERSION = YES;
				CLANG_WARN_OBJC_ROOT_CLASS = YES_ERROR;
				CLANG_WARN_UNREACHABLE_CODE = YES;
				CLANG_WARN__DUPLICATE_METHOD_MATCH = YES;
				"CODE_SIGN_IDENTITY[sdk=iphoneos*]" = "iPhone Developer";
				COPY_PHASE_STRIP = NO;
				DEBUG_INFORMATION_FORMAT = "dwarf-with-dsym";
				ENABLE_NS_ASSERTIONS = NO;
				ENABLE_STRICT_OBJC_MSGSEND = YES;
				GCC_C_LANGUAGE_STANDARD = gnu99;
				GCC_NO_COMMON_BLOCKS = YES;
				GCC_WARN_64_TO_32_BIT_CONVERSION = YES;
				GCC_WARN_ABOUT_RETURN_TYPE = YES_ERROR;
				GCC_WARN_UNDECLARED_SELECTOR = YES;
				GCC_WARN_UNINITIALIZED_AUTOS = YES_AGGRESSIVE;
				GCC_WARN_UNUSED_FUNCTION = YES;
				GCC_WARN_UNUSED_VARIABLE = YES;
				IPHONEOS_DEPLOYMENT_TARGET = 9.3;
				MTL_ENABLE_DEBUG_INFO = NO;
				SDKROOT = iphoneos;
				VALIDATE_PRODUCT = YES;
			};
			name = Release;
		};
		9A8627B01D71903500BAC80E /* Debug */ = {
			isa = XCBuildConfiguration;
			buildSettings = {
				ASSETCATALOG_COMPILER_APPICON_NAME = AppIcon;
				INFOPLIST_FILE = GitExample/Info.plist;
				LD_RUNPATH_SEARCH_PATHS = "$(inherited) @executable_path/Frameworks";
				PRODUCT_BUNDLE_IDENTIFIER = com.deanpribetic.GitExample;
				PRODUCT_NAME = "$(TARGET_NAME)";
			};
			name = Debug;
		};
		9A8627B11D71903500BAC80E /* Release */ = {
			isa = XCBuildConfiguration;
			buildSettings = {
				ASSETCATALOG_COMPILER_APPICON_NAME = AppIcon;
				INFOPLIST_FILE = GitExample/Info.plist;
				LD_RUNPATH_SEARCH_PATHS = "$(inherited) @executable_path/Frameworks";
				PRODUCT_BUNDLE_IDENTIFIER = com.deanpribetic.GitExample;
				PRODUCT_NAME = "$(TARGET_NAME)";
			};
			name = Release;
		};
		9A8627B31D71903500BAC80E /* Debug */ = {
			isa = XCBuildConfiguration;
			buildSettings = {
				BUNDLE_LOADER = "$(TEST_HOST)";
				INFOPLIST_FILE = GitExampleTests/Info.plist;
				LD_RUNPATH_SEARCH_PATHS = "$(inherited) @executable_path/Frameworks @loader_path/Frameworks";
				PRODUCT_BUNDLE_IDENTIFIER = com.deanpribetic.GitExampleTests;
				PRODUCT_NAME = "$(TARGET_NAME)";
				TEST_HOST = "$(BUILT_PRODUCTS_DIR)/GitExample.app/GitExample";
			};
			name = Debug;
		};
		9A8627B41D71903500BAC80E /* Release */ = {
			isa = XCBuildConfiguration;
			buildSettings = {
				BUNDLE_LOADER = "$(TEST_HOST)";
				INFOPLIST_FILE = GitExampleTests/Info.plist;
				LD_RUNPATH_SEARCH_PATHS = "$(inherited) @executable_path/Frameworks @loader_path/Frameworks";
				PRODUCT_BUNDLE_IDENTIFIER = com.deanpribetic.GitExampleTests;
				PRODUCT_NAME = "$(TARGET_NAME)";
				TEST_HOST = "$(BUILT_PRODUCTS_DIR)/GitExample.app/GitExample";
			};
			name = Release;
		};
		9A8627B61D71903500BAC80E /* Debug */ = {
			isa = XCBuildConfiguration;
			buildSettings = {
				INFOPLIST_FILE = GitExampleUITests/Info.plist;
				LD_RUNPATH_SEARCH_PATHS = "$(inherited) @executable_path/Frameworks @loader_path/Frameworks";
				PRODUCT_BUNDLE_IDENTIFIER = com.deanpribetic.GitExampleUITests;
				PRODUCT_NAME = "$(TARGET_NAME)";
				TEST_TARGET_NAME = GitExample;
			};
			name = Debug;
		};
		9A8627B71D71903500BAC80E /* Release */ = {
			isa = XCBuildConfiguration;
			buildSettings = {
				INFOPLIST_FILE = GitExampleUITests/Info.plist;
				LD_RUNPATH_SEARCH_PATHS = "$(inherited) @executable_path/Frameworks @loader_path/Frameworks";
				PRODUCT_BUNDLE_IDENTIFIER = com.deanpribetic.GitExampleUITests;
				PRODUCT_NAME = "$(TARGET_NAME)";
				TEST_TARGET_NAME = GitExample;
			};
			name = Release;
		};
/* End XCBuildConfiguration section */

/* Begin XCConfigurationList section */
		9A8627821D71903500BAC80E /* Build configuration list for PBXProject "GitExample" */ = {
			isa = XCConfigurationList;
			buildConfigurations = (
				9A8627AD1D71903500BAC80E /* Debug */,
				9A8627AE1D71903500BAC80E /* Release */,
			);
			defaultConfigurationIsVisible = 0;
			defaultConfigurationName = Release;
		};
		9A8627AF1D71903500BAC80E /* Build configuration list for PBXNativeTarget "GitExample" */ = {
			isa = XCConfigurationList;
			buildConfigurations = (
				9A8627B01D71903500BAC80E /* Debug */,
				9A8627B11D71903500BAC80E /* Release */,
			);
			defaultConfigurationIsVisible = 0;
		};
		9A8627B21D71903500BAC80E /* Build configuration list for PBXNativeTarget "GitExampleTests" */ = {
			isa = XCConfigurationList;
			buildConfigurations = (
				9A8627B31D71903500BAC80E /* Debug */,
				9A8627B41D71903500BAC80E /* Release */,
			);
			defaultConfigurationIsVisible = 0;
		};
		9A8627B51D71903500BAC80E /* Build configuration list for PBXNativeTarget "GitExampleUITests" */ = {
			isa = XCConfigurationList;
			buildConfigurations = (
				9A8627B61D71903500BAC80E /* Debug */,
				9A8627B71D71903500BAC80E /* Release */,
			);
			defaultConfigurationIsVisible = 0;
		};
/* End XCConfigurationList section */
	};
	rootObject = 9A86277F1D71903500BAC80E /* Project object */;
}
